
Microsoft Visual Studio Solution File, Format Version 12.00
# Visual Studio 14
VisualStudioVersion = 14.0.23107.0
MinimumVisualStudioVersion = 10.0.40219.1
Project("{FAE04EC0-301F-11D3-BF4B-00C04F79EFBC}") = "WAAD.POC.ProductCatalog.DataModels", "WAAD.POC.ProductCatalog.DataModels\WAAD.POC.ProductCatalog.DataModels.csproj", "{7A053B26-4944-4A9F-B758-3A9B28A1CBB2}"
EndProject
Project("{FAE04EC0-301F-11D3-BF4B-00C04F79EFBC}") = "WAAD.POC.ProductCatalog.DataSources", "WAAD.POC.ProductCatalog.DataSources\WAAD.POC.ProductCatalog.DataSources.csproj", "{84CF0670-FB8D-4308-9D9A-5CCF150A1EA5}"
EndProject
Project("{FAE04EC0-301F-11D3-BF4B-00C04F79EFBC}") = "WAAD.POC.ProductCatalog.UWP", "WAAD.POC.ProductCatalog.UWP\WAAD.POC.ProductCatalog.UWP.csproj", "{3DD6629F-33E4-49A4-B19D-507F3913AEB3}"
EndProject
Project("{FAE04EC0-301F-11D3-BF4B-00C04F79EFBC}") = "WAAD.POC.ProductCatalog.Backend", "WAAD.POC.ProductCatalog.Backend\WAAD.POC.ProductCatalog.Backend.csproj", "{1BD50455-4FE0-458A-BFC3-4F5DCF03D727}"
EndProject
Global
	GlobalSection(SolutionConfigurationPlatforms) = preSolution
		Debug|Any CPU = Debug|Any CPU
		Debug|ARM = Debug|ARM
		Debug|x64 = Debug|x64
		Debug|x86 = Debug|x86
		Release|Any CPU = Release|Any CPU
		Release|ARM = Release|ARM
		Release|x64 = Release|x64
		Release|x86 = Release|x86
	EndGlobalSection
	GlobalSection(ProjectConfigurationPlatforms) = postSolution
		{7A053B26-4944-4A9F-B758-3A9B28A1CBB2}.Debug|Any CPU.ActiveCfg = Debug|Any CPU
		{7A053B26-4944-4A9F-B758-3A9B28A1CBB2}.Debug|Any CPU.Build.0 = Debug|Any CPU
		{7A053B26-4944-4A9F-B758-3A9B28A1CBB2}.Debug|ARM.ActiveCfg = Debug|Any CPU
		{7A053B26-4944-4A9F-B758-3A9B28A1CBB2}.Debug|x64.ActiveCfg = Debug|Any CPU
		{7A053B26-4944-4A9F-B758-3A9B28A1CBB2}.Debug|x86.ActiveCfg = Debug|Any CPU
		{7A053B26-4944-4A9F-B758-3A9B28A1CBB2}.Release|Any CPU.ActiveCfg = Release|Any CPU
		{7A053B26-4944-4A9F-B758-3A9B28A1CBB2}.Release|Any CPU.Build.0 = Release|Any CPU
		{7A053B26-4944-4A9F-B758-3A9B28A1CBB2}.Release|ARM.ActiveCfg = Release|Any CPU
		{7A053B26-4944-4A9F-B758-3A9B28A1CBB2}.Release|x64.ActiveCfg = Release|Any CPU
		{7A053B26-4944-4A9F-B758-3A9B28A1CBB2}.Release|x86.ActiveCfg = Release|Any CPU
		{84CF0670-FB8D-4308-9D9A-5CCF150A1EA5}.Debug|Any CPU.ActiveCfg = Debug|Any CPU
		{84CF0670-FB8D-4308-9D9A-5CCF150A1EA5}.Debug|Any CPU.Build.0 = Debug|Any CPU
		{84CF0670-FB8D-4308-9D9A-5CCF150A1EA5}.Debug|ARM.ActiveCfg = Debug|Any CPU
		{84CF0670-FB8D-4308-9D9A-5CCF150A1EA5}.Debug|x64.ActiveCfg = Debug|Any CPU
		{84CF0670-FB8D-4308-9D9A-5CCF150A1EA5}.Debug|x86.ActiveCfg = Debug|Any CPU
		{84CF0670-FB8D-4308-9D9A-5CCF150A1EA5}.Release|Any CPU.ActiveCfg = Release|Any CPU
		{84CF0670-FB8D-4308-9D9A-5CCF150A1EA5}.Release|Any CPU.Build.0 = Release|Any CPU
		{84CF0670-FB8D-4308-9D9A-5CCF150A1EA5}.Release|ARM.ActiveCfg = Release|Any CPU
		{84CF0670-FB8D-4308-9D9A-5CCF150A1EA5}.Release|x64.ActiveCfg = Release|Any CPU
		{84CF0670-FB8D-4308-9D9A-5CCF150A1EA5}.Release|x86.ActiveCfg = Release|Any CPU
		{3DD6629F-33E4-49A4-B19D-507F3913AEB3}.Debug|Any CPU.ActiveCfg = Debug|x86
		{3DD6629F-33E4-49A4-B19D-507F3913AEB3}.Debug|Any CPU.Build.0 = Debug|x86
		{3DD6629F-33E4-49A4-B19D-507F3913AEB3}.Debug|Any CPU.Deploy.0 = Debug|x86
		{3DD6629F-33E4-49A4-B19D-507F3913AEB3}.Debug|ARM.ActiveCfg = Debug|ARM
		{3DD6629F-33E4-49A4-B19D-507F3913AEB3}.Debug|ARM.Build.0 = Debug|ARM
		{3DD6629F-33E4-49A4-B19D-507F3913AEB3}.Debug|ARM.Deploy.0 = Debug|ARM
		{3DD6629F-33E4-49A4-B19D-507F3913AEB3}.Debug|x64.ActiveCfg = Debug|x64
		{3DD6629F-33E4-49A4-B19D-507F3913AEB3}.Debug|x64.Build.0 = Debug|x64
		{3DD6629F-33E4-49A4-B19D-507F3913AEB3}.Debug|x64.Deploy.0 = Debug|x64
		{3DD6629F-33E4-49A4-B19D-507F3913AEB3}.Debug|x86.ActiveCfg = Debug|x86
		{3DD6629F-33E4-49A4-B19D-507F3913AEB3}.Debug|x86.Build.0 = Debug|x86
		{3DD6629F-33E4-49A4-B19D-507F3913AEB3}.Debug|x86.Deploy.0 = Debug|x86
		{3DD6629F-33E4-49A4-B19D-507F3913AEB3}.Release|Any CPU.ActiveCfg = Release|x86
		{3DD6629F-33E4-49A4-B19D-507F3913AEB3}.Release|Any CPU.Build.0 = Release|x86
		{3DD6629F-33E4-49A4-B19D-507F3913AEB3}.Release|Any CPU.Deploy.0 = Release|x86
		{3DD6629F-33E4-49A4-B19D-507F3913AEB3}.Release|ARM.ActiveCfg = Release|ARM
		{3DD6629F-33E4-49A4-B19D-507F3913AEB3}.Release|ARM.Build.0 = Release|ARM
		{3DD6629F-33E4-49A4-B19D-507F3913AEB3}.Release|ARM.Deploy.0 = Release|ARM
		{3DD6629F-33E4-49A4-B19D-507F3913AEB3}.Release|x64.ActiveCfg = Release|x64
		{3DD6629F-33E4-49A4-B19D-507F3913AEB3}.Release|x64.Build.0 = Release|x64
		{3DD6629F-33E4-49A4-B19D-507F3913AEB3}.Release|x64.Deploy.0 = Release|x64
		{3DD6629F-33E4-49A4-B19D-507F3913AEB3}.Release|x86.ActiveCfg = Release|x86
		{3DD6629F-33E4-49A4-B19D-507F3913AEB3}.Release|x86.Build.0 = Release|x86
		{3DD6629F-33E4-49A4-B19D-507F3913AEB3}.Release|x86.Deploy.0 = Release|x86
		{1BD50455-4FE0-458A-BFC3-4F5DCF03D727}.Debug|Any CPU.ActiveCfg = Debug|Any CPU
		{1BD50455-4FE0-458A-BFC3-4F5DCF03D727}.Debug|Any CPU.Build.0 = Debug|Any CPU
		{1BD50455-4FE0-458A-BFC3-4F5DCF03D727}.Debug|ARM.ActiveCfg = Debug|Any CPU
		{1BD50455-4FE0-458A-BFC3-4F5DCF03D727}.Debug|ARM.Build.0 = Debug|Any CPU
		{1BD50455-4FE0-458A-BFC3-4F5DCF03D727}.Debug|x64.ActiveCfg = Debug|Any CPU
		{1BD50455-4FE0-458A-BFC3-4F5DCF03D727}.Debug|x64.Build.0 = Debug|Any CPU
		{1BD50455-4FE0-458A-BFC3-4F5DCF03D727}.Debug|x86.ActiveCfg = Debug|Any CPU
		{1BD50455-4FE0-458A-BFC3-4F5DCF03D727}.Debug|x86.Build.0 = Debug|Any CPU
		{1BD50455-4FE0-458A-BFC3-4F5DCF03D727}.Release|Any CPU.ActiveCfg = Release|Any CPU
		{1BD50455-4FE0-458A-BFC3-4F5DCF03D727}.Release|Any CPU.Build.0 = Release|Any CPU
		{1BD50455-4FE0-458A-BFC3-4F5DCF03D727}.Release|ARM.ActiveCfg = Release|Any CPU
		{1BD50455-4FE0-458A-BFC3-4F5DCF03D727}.Release|ARM.Build.0 = Release|Any CPU
		{1BD50455-4FE0-458A-BFC3-4F5DCF03D727}.Release|x64.ActiveCfg = Release|Any CPU
		{1BD50455-4FE0-458A-BFC3-4F5DCF03D727}.Release|x64.Build.0 = Release|Any CPU
		{1BD50455-4FE0-458A-BFC3-4F5DCF03D727}.Release|x86.ActiveCfg = Release|Any CPU
		{1BD50455-4FE0-458A-BFC3-4F5DCF03D727}.Release|x86.Build.0 = Release|Any CPU
	EndGlobalSection
	GlobalSection(SolutionProperties) = preSolution
		HideSolutionNode = FALSE
	EndGlobalSection
	GlobalSection(TeamFoundationVersionControl) = preSolution
		SccNumberOfProjects = 3
		SccEnterpriseProvider = {4CA58AB2-18FA-4F8D-95D4-32DDF27D184C}
		SccTeamFoundationServer = https://pfeheroes.visualstudio.com/defaultcollection
		SccProjectUniqueName0 = WAAD.POC.ProductCatalog.DataModels\\WAAD.POC.ProductCatalog.DataModels.csproj
		SccProjectName0 = WAAD.POC.ProductCatalog.DataModels
		SccAuxPath0 = https://pfeheroes.visualstudio.com/defaultcollection
		SccLocalPath0 = WAAD.POC.ProductCatalog.DataModels
		SccProvider0 = {4CA58AB2-18FA-4F8D-95D4-32DDF27D184C}
		SccProjectUniqueName1 = WAAD.POC.ProductCatalog.DataSources\\WAAD.POC.ProductCatalog.DataSources.csproj
		SccProjectName1 = WAAD.POC.ProductCatalog.DataSources
		SccAuxPath1 = https://pfeheroes.visualstudio.com/defaultcollection
		SccLocalPath1 = WAAD.POC.ProductCatalog.DataSources
		SccProvider1 = {4CA58AB2-18FA-4F8D-95D4-32DDF27D184C}
		SccProjectUniqueName2 = WAAD.POC.ProductCatalog.UWP\\WAAD.POC.ProductCatalog.UWP.csproj
		SccProjectName2 = WAAD.POC.ProductCatalog.UWP
		SccAuxPath2 = https://pfeheroes.visualstudio.com/defaultcollection
		SccLocalPath2 = WAAD.POC.ProductCatalog.UWP
		SccProvider2 = {4CA58AB2-18FA-4F8D-95D4-32DDF27D184C}
	EndGlobalSection
EndGlobal
